
Microsoft Visual Studio Solution File, Format Version 12.00
# Visual Studio 15
VisualStudioVersion = 15.0.27428.2015
MinimumVisualStudioVersion = 10.0.40219.1
Project("{FAE04EC0-301F-11D3-BF4B-00C04F79EFBC}") = "ToolKit", "ToolKit\ToolKit.csproj", "{B266CE83-847E-405B-A126-350A57870B4E}"
EndProject
Project("{FAE04EC0-301F-11D3-BF4B-00C04F79EFBC}") = "File_Manager", "File_Manager\File_Manager.csproj", "{567DA170-D305-443D-992D-548FFB83F315}"
	ProjectSection(ProjectDependencies) = postProject
		{B266CE83-847E-405B-A126-350A57870B4E} = {B266CE83-847E-405B-A126-350A57870B4E}
	EndProjectSection
EndProject
Project("{FAE04EC0-301F-11D3-BF4B-00C04F79EFBC}") = "Tester", "Tester\Tester.csproj", "{0D38799F-2581-4A5B-BD45-82F940DA14CF}"
	ProjectSection(ProjectDependencies) = postProject
		{567DA170-D305-443D-992D-548FFB83F315} = {567DA170-D305-443D-992D-548FFB83F315}
		{B266CE83-847E-405B-A126-350A57870B4E} = {B266CE83-847E-405B-A126-350A57870B4E}
		{07A730B2-78B6-4F25-928F-0356F1A2A72D} = {07A730B2-78B6-4F25-928F-0356F1A2A72D}
	EndProjectSection
EndProject
Project("{FAE04EC0-301F-11D3-BF4B-00C04F79EFBC}") = "RClone_Manager", "Rclone_Manager\RClone_Manager.csproj", "{07A730B2-78B6-4F25-928F-0356F1A2A72D}"
	ProjectSection(ProjectDependencies) = postProject
		{B266CE83-847E-405B-A126-350A57870B4E} = {B266CE83-847E-405B-A126-350A57870B4E}
	EndProjectSection
EndProject
Project("{2150E333-8FDC-42A3-9474-1A3956D46DE8}") = "Resources", "Resources", "{7382B38A-1767-4F98-B77D-CF193DDB8A7F}"
EndProject
Project("{2150E333-8FDC-42A3-9474-1A3956D46DE8}") = "Tasks", "Tasks", "{AB0A4CF2-8B0B-41FD-B4B7-9DD758AF76BC}"
EndProject
Global
	GlobalSection(SolutionConfigurationPlatforms) = preSolution
		Debug|Any CPU = Debug|Any CPU
		Release|Any CPU = Release|Any CPU
	EndGlobalSection
	GlobalSection(ProjectConfigurationPlatforms) = postSolution
		{B266CE83-847E-405B-A126-350A57870B4E}.Debug|Any CPU.ActiveCfg = Debug|Any CPU
		{B266CE83-847E-405B-A126-350A57870B4E}.Debug|Any CPU.Build.0 = Debug|Any CPU
		{B266CE83-847E-405B-A126-350A57870B4E}.Release|Any CPU.ActiveCfg = Release|Any CPU
		{B266CE83-847E-405B-A126-350A57870B4E}.Release|Any CPU.Build.0 = Release|Any CPU
		{567DA170-D305-443D-992D-548FFB83F315}.Debug|Any CPU.ActiveCfg = Debug|Any CPU
		{567DA170-D305-443D-992D-548FFB83F315}.Debug|Any CPU.Build.0 = Debug|Any CPU
		{567DA170-D305-443D-992D-548FFB83F315}.Release|Any CPU.ActiveCfg = Release|Any CPU
		{567DA170-D305-443D-992D-548FFB83F315}.Release|Any CPU.Build.0 = Release|Any CPU
		{0D38799F-2581-4A5B-BD45-82F940DA14CF}.Debug|Any CPU.ActiveCfg = Debug|Any CPU
		{0D38799F-2581-4A5B-BD45-82F940DA14CF}.Debug|Any CPU.Build.0 = Debug|Any CPU
		{0D38799F-2581-4A5B-BD45-82F940DA14CF}.Release|Any CPU.ActiveCfg = Release|Any CPU
		{0D38799F-2581-4A5B-BD45-82F940DA14CF}.Release|Any CPU.Build.0 = Release|Any CPU
		{07A730B2-78B6-4F25-928F-0356F1A2A72D}.Debug|Any CPU.ActiveCfg = Debug|Any CPU
		{07A730B2-78B6-4F25-928F-0356F1A2A72D}.Debug|Any CPU.Build.0 = Debug|Any CPU
		{07A730B2-78B6-4F25-928F-0356F1A2A72D}.Release|Any CPU.ActiveCfg = Release|Any CPU
		{07A730B2-78B6-4F25-928F-0356F1A2A72D}.Release|Any CPU.Build.0 = Release|Any CPU
	EndGlobalSection
	GlobalSection(SolutionProperties) = preSolution
		HideSolutionNode = FALSE
	EndGlobalSection
	GlobalSection(NestedProjects) = preSolution
		{B266CE83-847E-405B-A126-350A57870B4E} = {7382B38A-1767-4F98-B77D-CF193DDB8A7F}
		{567DA170-D305-443D-992D-548FFB83F315} = {7382B38A-1767-4F98-B77D-CF193DDB8A7F}
		{0D38799F-2581-4A5B-BD45-82F940DA14CF} = {7382B38A-1767-4F98-B77D-CF193DDB8A7F}
		{07A730B2-78B6-4F25-928F-0356F1A2A72D} = {7382B38A-1767-4F98-B77D-CF193DDB8A7F}
	EndGlobalSection
	GlobalSection(ExtensibilityGlobals) = postSolution
		SolutionGuid = {97C09C2B-A23A-4C57-A4E4-1934222C5150}
	EndGlobalSection
EndGlobal
