
Microsoft Visual Studio Solution File, Format Version 12.00
# Visual Studio Version 16
VisualStudioVersion = 16.0.29709.97
MinimumVisualStudioVersion = 10.0.40219.1
Project("{FAE04EC0-301F-11D3-BF4B-00C04F79EFBC}") = "ToolKit", "ToolKit\ToolKit.csproj", "{B266CE83-847E-405B-A126-350A57870B4E}"
EndProject
Project("{FAE04EC0-301F-11D3-BF4B-00C04F79EFBC}") = "File_Manager", "File_Manager\File_Manager.csproj", "{567DA170-D305-443D-992D-548FFB83F315}"
	ProjectSection(ProjectDependencies) = postProject
		{B266CE83-847E-405B-A126-350A57870B4E} = {B266CE83-847E-405B-A126-350A57870B4E}
	EndProjectSection
EndProject
Project("{FAE04EC0-301F-11D3-BF4B-00C04F79EFBC}") = "RClone_Manager", "Rclone_Manager\RClone_Manager.csproj", "{07A730B2-78B6-4F25-928F-0356F1A2A72D}"
	ProjectSection(ProjectDependencies) = postProject
		{B266CE83-847E-405B-A126-350A57870B4E} = {B266CE83-847E-405B-A126-350A57870B4E}
	EndProjectSection
EndProject
Project("{2150E333-8FDC-42A3-9474-1A3956D46DE8}") = "Resources", "Resources", "{7382B38A-1767-4F98-B77D-CF193DDB8A7F}"
EndProject
Project("{2150E333-8FDC-42A3-9474-1A3956D46DE8}") = "Tasks", "Tasks", "{AB0A4CF2-8B0B-41FD-B4B7-9DD758AF76BC}"
EndProject
Project("{FAE04EC0-301F-11D3-BF4B-00C04F79EFBC}") = "File_Archiver", "File_Archiver\File_Archiver.csproj", "{EB87D946-67EF-4762-BC23-EAD7836B59A0}"
EndProject
Global
	GlobalSection(SolutionConfigurationPlatforms) = preSolution
		Debug|Any CPU = Debug|Any CPU
		Release|Any CPU = Release|Any CPU
	EndGlobalSection
	GlobalSection(ProjectConfigurationPlatforms) = postSolution
		{B266CE83-847E-405B-A126-350A57870B4E}.Debug|Any CPU.ActiveCfg = Debug|Any CPU
		{B266CE83-847E-405B-A126-350A57870B4E}.Debug|Any CPU.Build.0 = Debug|Any CPU
		{B266CE83-847E-405B-A126-350A57870B4E}.Release|Any CPU.ActiveCfg = Release|Any CPU
		{B266CE83-847E-405B-A126-350A57870B4E}.Release|Any CPU.Build.0 = Release|Any CPU
		{567DA170-D305-443D-992D-548FFB83F315}.Debug|Any CPU.ActiveCfg = Debug|Any CPU
		{567DA170-D305-443D-992D-548FFB83F315}.Debug|Any CPU.Build.0 = Debug|Any CPU
		{567DA170-D305-443D-992D-548FFB83F315}.Release|Any CPU.ActiveCfg = Release|Any CPU
		{567DA170-D305-443D-992D-548FFB83F315}.Release|Any CPU.Build.0 = Release|Any CPU
		{07A730B2-78B6-4F25-928F-0356F1A2A72D}.Debug|Any CPU.ActiveCfg = Debug|Any CPU
		{07A730B2-78B6-4F25-928F-0356F1A2A72D}.Debug|Any CPU.Build.0 = Debug|Any CPU
		{07A730B2-78B6-4F25-928F-0356F1A2A72D}.Release|Any CPU.ActiveCfg = Release|Any CPU
		{07A730B2-78B6-4F25-928F-0356F1A2A72D}.Release|Any CPU.Build.0 = Release|Any CPU
		{EB87D946-67EF-4762-BC23-EAD7836B59A0}.Debug|Any CPU.ActiveCfg = Debug|Any CPU
		{EB87D946-67EF-4762-BC23-EAD7836B59A0}.Debug|Any CPU.Build.0 = Debug|Any CPU
		{EB87D946-67EF-4762-BC23-EAD7836B59A0}.Release|Any CPU.ActiveCfg = Release|Any CPU
		{EB87D946-67EF-4762-BC23-EAD7836B59A0}.Release|Any CPU.Build.0 = Release|Any CPU
	EndGlobalSection
	GlobalSection(SolutionProperties) = preSolution
		HideSolutionNode = FALSE
	EndGlobalSection
	GlobalSection(NestedProjects) = preSolution
		{B266CE83-847E-405B-A126-350A57870B4E} = {7382B38A-1767-4F98-B77D-CF193DDB8A7F}
		{567DA170-D305-443D-992D-548FFB83F315} = {7382B38A-1767-4F98-B77D-CF193DDB8A7F}
		{07A730B2-78B6-4F25-928F-0356F1A2A72D} = {7382B38A-1767-4F98-B77D-CF193DDB8A7F}
		{EB87D946-67EF-4762-BC23-EAD7836B59A0} = {AB0A4CF2-8B0B-41FD-B4B7-9DD758AF76BC}
	EndGlobalSection
	GlobalSection(ExtensibilityGlobals) = postSolution
		SolutionGuid = {97C09C2B-A23A-4C57-A4E4-1934222C5150}
	EndGlobalSection
EndGlobal
